
Microsoft Visual Studio Solution File, Format Version 12.00
# Visual Studio 15
VisualStudioVersion = 15.0.28010.0
MinimumVisualStudioVersion = 10.0.40219.1
Project("{FAE04EC0-301F-11D3-BF4B-00C04F79EFBC}") = "Mundial_Futbol", "Mundial_Futbol\Mundial_Futbol.csproj", "{5A496C00-7052-4D30-BA6D-EE5C3A3B1C58}"
EndProject
Project("{FAE04EC0-301F-11D3-BF4B-00C04F79EFBC}") = "CapaPresentacion", "FormulariosMundial\CapaPresentacion.csproj", "{31C0A741-63A9-4004-B12C-5EF8312287D2}"
EndProject
Project("{FAE04EC0-301F-11D3-BF4B-00C04F79EFBC}") = "CapaDatos", "CapaDatos\CapaDatos.csproj", "{F05193EA-0424-489A-91F7-4742C3B1B7F4}"
EndProject
Global
	GlobalSection(SolutionConfigurationPlatforms) = preSolution
		Debug|Any CPU = Debug|Any CPU
		Release|Any CPU = Release|Any CPU
	EndGlobalSection
	GlobalSection(ProjectConfigurationPlatforms) = postSolution
		{5A496C00-7052-4D30-BA6D-EE5C3A3B1C58}.Debug|Any CPU.ActiveCfg = Debug|Any CPU
		{5A496C00-7052-4D30-BA6D-EE5C3A3B1C58}.Debug|Any CPU.Build.0 = Debug|Any CPU
		{5A496C00-7052-4D30-BA6D-EE5C3A3B1C58}.Release|Any CPU.ActiveCfg = Release|Any CPU
		{5A496C00-7052-4D30-BA6D-EE5C3A3B1C58}.Release|Any CPU.Build.0 = Release|Any CPU
		{31C0A741-63A9-4004-B12C-5EF8312287D2}.Debug|Any CPU.ActiveCfg = Debug|Any CPU
		{31C0A741-63A9-4004-B12C-5EF8312287D2}.Debug|Any CPU.Build.0 = Debug|Any CPU
		{31C0A741-63A9-4004-B12C-5EF8312287D2}.Release|Any CPU.ActiveCfg = Release|Any CPU
		{31C0A741-63A9-4004-B12C-5EF8312287D2}.Release|Any CPU.Build.0 = Release|Any CPU
		{F05193EA-0424-489A-91F7-4742C3B1B7F4}.Debug|Any CPU.ActiveCfg = Debug|Any CPU
		{F05193EA-0424-489A-91F7-4742C3B1B7F4}.Debug|Any CPU.Build.0 = Debug|Any CPU
		{F05193EA-0424-489A-91F7-4742C3B1B7F4}.Release|Any CPU.ActiveCfg = Release|Any CPU
		{F05193EA-0424-489A-91F7-4742C3B1B7F4}.Release|Any CPU.Build.0 = Release|Any CPU
	EndGlobalSection
	GlobalSection(SolutionProperties) = preSolution
		HideSolutionNode = FALSE
	EndGlobalSection
	GlobalSection(ExtensibilityGlobals) = postSolution
		SolutionGuid = {F37FEF31-650E-4D03-BF96-791132A7D7D0}
	EndGlobalSection
EndGlobal
